
Microsoft Visual Studio Solution File, Format Version 12.00
# Visual Studio Version 17
VisualStudioVersion = 17.5.002.0
MinimumVisualStudioVersion = 10.0.40219.1
Project("{9A19103F-16F7-4668-BE54-9A1E7A4F7556}") = "practica05", "practica05.csproj", "{DA46A67A-A79F-4010-A4C8-11DF318B7CD8}"
EndProject
Global
	GlobalSection(SolutionConfigurationPlatforms) = preSolution
		Debug|Any CPU = Debug|Any CPU
		Release|Any CPU = Release|Any CPU
	EndGlobalSection
	GlobalSection(ProjectConfigurationPlatforms) = postSolution
		{DA46A67A-A79F-4010-A4C8-11DF318B7CD8}.Debug|Any CPU.ActiveCfg = Debug|Any CPU
		{DA46A67A-A79F-4010-A4C8-11DF318B7CD8}.Debug|Any CPU.Build.0 = Debug|Any CPU
		{DA46A67A-A79F-4010-A4C8-11DF318B7CD8}.Release|Any CPU.ActiveCfg = Release|Any CPU
		{DA46A67A-A79F-4010-A4C8-11DF318B7CD8}.Release|Any CPU.Build.0 = Release|Any CPU
	EndGlobalSection
	GlobalSection(SolutionProperties) = preSolution
		HideSolutionNode = FALSE
	EndGlobalSection
	GlobalSection(ExtensibilityGlobals) = postSolution
		SolutionGuid = {2E8134B5-C950-44E5-B2A2-1B2F656C7020}
	EndGlobalSection
EndGlobal
